PODS:
  - CocoaAsyncSocket (7.6.3)
  - YYModel (1.0.4)

DEPENDENCIES:
  - CocoaAsyncSocket
  - YYModel

SPEC REPOS:
  https://github.com/cocoapods/specs.git:
    - CocoaAsyncSocket
    - YYModel

SPEC CHECKSUMS:
  CocoaAsyncSocket: eafaa68a7e0ec99ead0a7b35015e0bf25d2c8987
  YYModel: 2a7fdd96aaa4b86a824e26d0c517de8928c04b30

PODFILE CHECKSUM: 12cc89b0a8092cb7c10b47bd63860759d03e9911

COCOAPODS: 1.6.0
